
Microsoft Visual Studio Solution File, Format Version 12.00
# Visual Studio Version 17
VisualStudioVersion = 17.7.34202.233
MinimumVisualStudioVersion = 10.0.40219.1
Project("{FAE04EC0-301F-11D3-BF4B-00C04F79EFBC}") = "HelloCSharp02", "HelloCSharp02\HelloCSharp02.csproj", "{5B9FC514-F1D9-4D48-8746-ADFE3A97B97A}"
EndProject
Project("{FAE04EC0-301F-11D3-BF4B-00C04F79EFBC}") = "Test", "Test\Test.csproj", "{4FA6FBE2-6D1E-4E3E-A6E6-3242B3A46448}"
EndProject
Global
	GlobalSection(SolutionConfigurationPlatforms) = preSolution
		Debug|Any CPU = Debug|Any CPU
		Release|Any CPU = Release|Any CPU
	EndGlobalSection
	GlobalSection(ProjectConfigurationPlatforms) = postSolution
		{5B9FC514-F1D9-4D48-8746-ADFE3A97B97A}.Debug|Any CPU.ActiveCfg = Debug|Any CPU
		{5B9FC514-F1D9-4D48-8746-ADFE3A97B97A}.Debug|Any CPU.Build.0 = Debug|Any CPU
		{5B9FC514-F1D9-4D48-8746-ADFE3A97B97A}.Release|Any CPU.ActiveCfg = Release|Any CPU
		{5B9FC514-F1D9-4D48-8746-ADFE3A97B97A}.Release|Any CPU.Build.0 = Release|Any CPU
		{4FA6FBE2-6D1E-4E3E-A6E6-3242B3A46448}.Debug|Any CPU.ActiveCfg = Debug|Any CPU
		{4FA6FBE2-6D1E-4E3E-A6E6-3242B3A46448}.Debug|Any CPU.Build.0 = Debug|Any CPU
		{4FA6FBE2-6D1E-4E3E-A6E6-3242B3A46448}.Release|Any CPU.ActiveCfg = Release|Any CPU
		{4FA6FBE2-6D1E-4E3E-A6E6-3242B3A46448}.Release|Any CPU.Build.0 = Release|Any CPU
	EndGlobalSection
	GlobalSection(SolutionProperties) = preSolution
		HideSolutionNode = FALSE
	EndGlobalSection
	GlobalSection(ExtensibilityGlobals) = postSolution
		SolutionGuid = {68BFF622-5A52-45B8-AEF2-13FECFECB4EF}
	EndGlobalSection
EndGlobal
