
Microsoft Visual Studio Solution File, Format Version 12.00
# Visual Studio Version 17
VisualStudioVersion = 17.7.34202.233
MinimumVisualStudioVersion = 10.0.40219.1
Project("{FAE04EC0-301F-11D3-BF4B-00C04F79EFBC}") = "HeyGoodBye", "HeyGoodBye\HeyGoodBye.csproj", "{FF16794B-6FFE-44A8-A2AB-76024BCB3DB4}"
EndProject
Project("{FAE04EC0-301F-11D3-BF4B-00C04F79EFBC}") = "HeyLotto", "HeyLotto\HeyLotto.csproj", "{769BB3C6-FCDC-465B-A39D-21219D687461}"
EndProject
Project("{FAE04EC0-301F-11D3-BF4B-00C04F79EFBC}") = "HeyAPI", "HeyAPI\HeyAPI.csproj", "{D4858AC4-5B69-4DC5-AA2F-12C72E44A478}"
EndProject
Project("{FAE04EC0-301F-11D3-BF4B-00C04F79EFBC}") = "HeyKaKaoAPIMap", "HeyKaKaoAPIMap\HeyKaKaoAPIMap.csproj", "{7C867154-4455-476E-8435-D80AE72F2D46}"
EndProject
Project("{FAE04EC0-301F-11D3-BF4B-00C04F79EFBC}") = "SingleTonePattern", "SingleTonePattern\SingleTonePattern.csproj", "{FEDA0774-AA67-4CFD-86FA-E1BF39035214}"
EndProject
Project("{FAE04EC0-301F-11D3-BF4B-00C04F79EFBC}") = "ObserverPattern", "ObserverPattern\ObserverPattern.csproj", "{6B3B19B8-50B0-479A-A412-46915C4F98B4}"
EndProject
Global
	GlobalSection(SolutionConfigurationPlatforms) = preSolution
		Debug|Any CPU = Debug|Any CPU
		Release|Any CPU = Release|Any CPU
	EndGlobalSection
	GlobalSection(ProjectConfigurationPlatforms) = postSolution
		{FF16794B-6FFE-44A8-A2AB-76024BCB3DB4}.Debug|Any CPU.ActiveCfg = Debug|Any CPU
		{FF16794B-6FFE-44A8-A2AB-76024BCB3DB4}.Debug|Any CPU.Build.0 = Debug|Any CPU
		{FF16794B-6FFE-44A8-A2AB-76024BCB3DB4}.Release|Any CPU.ActiveCfg = Release|Any CPU
		{FF16794B-6FFE-44A8-A2AB-76024BCB3DB4}.Release|Any CPU.Build.0 = Release|Any CPU
		{769BB3C6-FCDC-465B-A39D-21219D687461}.Debug|Any CPU.ActiveCfg = Debug|Any CPU
		{769BB3C6-FCDC-465B-A39D-21219D687461}.Debug|Any CPU.Build.0 = Debug|Any CPU
		{769BB3C6-FCDC-465B-A39D-21219D687461}.Release|Any CPU.ActiveCfg = Release|Any CPU
		{769BB3C6-FCDC-465B-A39D-21219D687461}.Release|Any CPU.Build.0 = Release|Any CPU
		{D4858AC4-5B69-4DC5-AA2F-12C72E44A478}.Debug|Any CPU.ActiveCfg = Debug|Any CPU
		{D4858AC4-5B69-4DC5-AA2F-12C72E44A478}.Debug|Any CPU.Build.0 = Debug|Any CPU
		{D4858AC4-5B69-4DC5-AA2F-12C72E44A478}.Release|Any CPU.ActiveCfg = Release|Any CPU
		{D4858AC4-5B69-4DC5-AA2F-12C72E44A478}.Release|Any CPU.Build.0 = Release|Any CPU
		{7C867154-4455-476E-8435-D80AE72F2D46}.Debug|Any CPU.ActiveCfg = Debug|Any CPU
		{7C867154-4455-476E-8435-D80AE72F2D46}.Debug|Any CPU.Build.0 = Debug|Any CPU
		{7C867154-4455-476E-8435-D80AE72F2D46}.Release|Any CPU.ActiveCfg = Release|Any CPU
		{7C867154-4455-476E-8435-D80AE72F2D46}.Release|Any CPU.Build.0 = Release|Any CPU
		{FEDA0774-AA67-4CFD-86FA-E1BF39035214}.Debug|Any CPU.ActiveCfg = Debug|Any CPU
		{FEDA0774-AA67-4CFD-86FA-E1BF39035214}.Debug|Any CPU.Build.0 = Debug|Any CPU
		{FEDA0774-AA67-4CFD-86FA-E1BF39035214}.Release|Any CPU.ActiveCfg = Release|Any CPU
		{FEDA0774-AA67-4CFD-86FA-E1BF39035214}.Release|Any CPU.Build.0 = Release|Any CPU
		{6B3B19B8-50B0-479A-A412-46915C4F98B4}.Debug|Any CPU.ActiveCfg = Debug|Any CPU
		{6B3B19B8-50B0-479A-A412-46915C4F98B4}.Debug|Any CPU.Build.0 = Debug|Any CPU
		{6B3B19B8-50B0-479A-A412-46915C4F98B4}.Release|Any CPU.ActiveCfg = Release|Any CPU
		{6B3B19B8-50B0-479A-A412-46915C4F98B4}.Release|Any CPU.Build.0 = Release|Any CPU
	EndGlobalSection
	GlobalSection(SolutionProperties) = preSolution
		HideSolutionNode = FALSE
	EndGlobalSection
	GlobalSection(ExtensibilityGlobals) = postSolution
		SolutionGuid = {FC13166F-4113-4546-9DB7-2527BEA2C6F8}
	EndGlobalSection
EndGlobal
