
Microsoft Visual Studio Solution File, Format Version 12.00
# Visual Studio Version 17
VisualStudioVersion = 17.7.34202.233
MinimumVisualStudioVersion = 10.0.40219.1
Project("{FAE04EC0-301F-11D3-BF4B-00C04F79EFBC}") = "HelloCSharp07", "HelloCSharp07\HelloCSharp07.csproj", "{F45AB000-FD85-4160-9E23-05D464DD7C95}"
EndProject
Project("{FAE04EC0-301F-11D3-BF4B-00C04F79EFBC}") = "HelloCSharp07_01_chap12", "HelloCSharp07_01_chap12\HelloCSharp07_01_chap12.csproj", "{100144DE-D791-4847-A33E-C350E04ABAE5}"
EndProject
Project("{FAE04EC0-301F-11D3-BF4B-00C04F79EFBC}") = "BookManager", "BookManager\BookManager.csproj", "{D770EA6C-BEE8-4100-B1F2-855582D0E1CE}"
EndProject
Global
	GlobalSection(SolutionConfigurationPlatforms) = preSolution
		Debug|Any CPU = Debug|Any CPU
		Release|Any CPU = Release|Any CPU
	EndGlobalSection
	GlobalSection(ProjectConfigurationPlatforms) = postSolution
		{F45AB000-FD85-4160-9E23-05D464DD7C95}.Debug|Any CPU.ActiveCfg = Debug|Any CPU
		{F45AB000-FD85-4160-9E23-05D464DD7C95}.Debug|Any CPU.Build.0 = Debug|Any CPU
		{F45AB000-FD85-4160-9E23-05D464DD7C95}.Release|Any CPU.ActiveCfg = Release|Any CPU
		{F45AB000-FD85-4160-9E23-05D464DD7C95}.Release|Any CPU.Build.0 = Release|Any CPU
		{100144DE-D791-4847-A33E-C350E04ABAE5}.Debug|Any CPU.ActiveCfg = Debug|Any CPU
		{100144DE-D791-4847-A33E-C350E04ABAE5}.Debug|Any CPU.Build.0 = Debug|Any CPU
		{100144DE-D791-4847-A33E-C350E04ABAE5}.Release|Any CPU.ActiveCfg = Release|Any CPU
		{100144DE-D791-4847-A33E-C350E04ABAE5}.Release|Any CPU.Build.0 = Release|Any CPU
		{D770EA6C-BEE8-4100-B1F2-855582D0E1CE}.Debug|Any CPU.ActiveCfg = Debug|Any CPU
		{D770EA6C-BEE8-4100-B1F2-855582D0E1CE}.Debug|Any CPU.Build.0 = Debug|Any CPU
		{D770EA6C-BEE8-4100-B1F2-855582D0E1CE}.Release|Any CPU.ActiveCfg = Release|Any CPU
		{D770EA6C-BEE8-4100-B1F2-855582D0E1CE}.Release|Any CPU.Build.0 = Release|Any CPU
	EndGlobalSection
	GlobalSection(SolutionProperties) = preSolution
		HideSolutionNode = FALSE
	EndGlobalSection
	GlobalSection(ExtensibilityGlobals) = postSolution
		SolutionGuid = {8F485DC2-DD4A-4824-ABF4-3AB49E626578}
	EndGlobalSection
EndGlobal
