
Microsoft Visual Studio Solution File, Format Version 12.00
# Visual Studio Version 17
VisualStudioVersion = 17.7.34202.233
MinimumVisualStudioVersion = 10.0.40219.1
Project("{FAE04EC0-301F-11D3-BF4B-00C04F79EFBC}") = "HelloCSharp01", "HelloCSharp01\HelloCSharp01.csproj", "{BB2DB838-B680-45EE-8E7E-824746321C95}"
EndProject
Project("{FAE04EC0-301F-11D3-BF4B-00C04F79EFBC}") = "HelloCSharp01_02_WinForm", "HelloCSharp01_02_WinForm\HelloCSharp01_02_WinForm.csproj", "{30296B57-420C-45AC-8AAC-0A4FB0818FE4}"
EndProject
Project("{FAE04EC0-301F-11D3-BF4B-00C04F79EFBC}") = "HelloCSharp01_03_chap0102", "HelloCSharp01_03_chap0102\HelloCSharp01_03_chap0102.csproj", "{9506705A-72E7-485E-96FA-4413A4F3A1B7}"
EndProject
Project("{FAE04EC0-301F-11D3-BF4B-00C04F79EFBC}") = "HelloCSharp01_04_chap03", "HelloCSharp01_04_chap03\HelloCSharp01_04_chap03.csproj", "{C42355B7-0A6B-4938-BBE6-B854F9E6FE68}"
EndProject
Project("{FAE04EC0-301F-11D3-BF4B-00C04F79EFBC}") = "HelloCSharp01_05_chap03_solve", "HelloCSharp01_05_chap03_solve\HelloCSharp01_05_chap03_solve.csproj", "{CF9977B2-C952-4090-B3F6-B03A84510C80}"
EndProject
Project("{FAE04EC0-301F-11D3-BF4B-00C04F79EFBC}") = "HelloCSharp01_06_chap04", "HelloCSharp01_06_chap04\HelloCSharp01_06_chap04.csproj", "{4727C9E8-6CD5-4BCF-8CC7-F9A7ED2AACEF}"
EndProject
Project("{FAE04EC0-301F-11D3-BF4B-00C04F79EFBC}") = "Solve", "Solve\Solve.csproj", "{C76F6F53-5DCC-43E2-9176-FB3232655081}"
EndProject
Global
	GlobalSection(SolutionConfigurationPlatforms) = preSolution
		Debug|Any CPU = Debug|Any CPU
		Debug|x64 = Debug|x64
		Debug|x86 = Debug|x86
		Release|Any CPU = Release|Any CPU
		Release|x64 = Release|x64
		Release|x86 = Release|x86
	EndGlobalSection
	GlobalSection(ProjectConfigurationPlatforms) = postSolution
		{BB2DB838-B680-45EE-8E7E-824746321C95}.Debug|Any CPU.ActiveCfg = Debug|Any CPU
		{BB2DB838-B680-45EE-8E7E-824746321C95}.Debug|Any CPU.Build.0 = Debug|Any CPU
		{BB2DB838-B680-45EE-8E7E-824746321C95}.Debug|x64.ActiveCfg = Debug|Any CPU
		{BB2DB838-B680-45EE-8E7E-824746321C95}.Debug|x64.Build.0 = Debug|Any CPU
		{BB2DB838-B680-45EE-8E7E-824746321C95}.Debug|x86.ActiveCfg = Debug|Any CPU
		{BB2DB838-B680-45EE-8E7E-824746321C95}.Debug|x86.Build.0 = Debug|Any CPU
		{BB2DB838-B680-45EE-8E7E-824746321C95}.Release|Any CPU.ActiveCfg = Release|Any CPU
		{BB2DB838-B680-45EE-8E7E-824746321C95}.Release|Any CPU.Build.0 = Release|Any CPU
		{BB2DB838-B680-45EE-8E7E-824746321C95}.Release|x64.ActiveCfg = Release|Any CPU
		{BB2DB838-B680-45EE-8E7E-824746321C95}.Release|x64.Build.0 = Release|Any CPU
		{BB2DB838-B680-45EE-8E7E-824746321C95}.Release|x86.ActiveCfg = Release|Any CPU
		{BB2DB838-B680-45EE-8E7E-824746321C95}.Release|x86.Build.0 = Release|Any CPU
		{30296B57-420C-45AC-8AAC-0A4FB0818FE4}.Debug|Any CPU.ActiveCfg = Debug|Any CPU
		{30296B57-420C-45AC-8AAC-0A4FB0818FE4}.Debug|Any CPU.Build.0 = Debug|Any CPU
		{30296B57-420C-45AC-8AAC-0A4FB0818FE4}.Debug|x64.ActiveCfg = Debug|Any CPU
		{30296B57-420C-45AC-8AAC-0A4FB0818FE4}.Debug|x64.Build.0 = Debug|Any CPU
		{30296B57-420C-45AC-8AAC-0A4FB0818FE4}.Debug|x86.ActiveCfg = Debug|Any CPU
		{30296B57-420C-45AC-8AAC-0A4FB0818FE4}.Debug|x86.Build.0 = Debug|Any CPU
		{30296B57-420C-45AC-8AAC-0A4FB0818FE4}.Release|Any CPU.ActiveCfg = Release|Any CPU
		{30296B57-420C-45AC-8AAC-0A4FB0818FE4}.Release|Any CPU.Build.0 = Release|Any CPU
		{30296B57-420C-45AC-8AAC-0A4FB0818FE4}.Release|x64.ActiveCfg = Release|Any CPU
		{30296B57-420C-45AC-8AAC-0A4FB0818FE4}.Release|x64.Build.0 = Release|Any CPU
		{30296B57-420C-45AC-8AAC-0A4FB0818FE4}.Release|x86.ActiveCfg = Release|Any CPU
		{30296B57-420C-45AC-8AAC-0A4FB0818FE4}.Release|x86.Build.0 = Release|Any CPU
		{9506705A-72E7-485E-96FA-4413A4F3A1B7}.Debug|Any CPU.ActiveCfg = Debug|Any CPU
		{9506705A-72E7-485E-96FA-4413A4F3A1B7}.Debug|Any CPU.Build.0 = Debug|Any CPU
		{9506705A-72E7-485E-96FA-4413A4F3A1B7}.Debug|x64.ActiveCfg = Debug|Any CPU
		{9506705A-72E7-485E-96FA-4413A4F3A1B7}.Debug|x64.Build.0 = Debug|Any CPU
		{9506705A-72E7-485E-96FA-4413A4F3A1B7}.Debug|x86.ActiveCfg = Debug|Any CPU
		{9506705A-72E7-485E-96FA-4413A4F3A1B7}.Debug|x86.Build.0 = Debug|Any CPU
		{9506705A-72E7-485E-96FA-4413A4F3A1B7}.Release|Any CPU.ActiveCfg = Release|Any CPU
		{9506705A-72E7-485E-96FA-4413A4F3A1B7}.Release|Any CPU.Build.0 = Release|Any CPU
		{9506705A-72E7-485E-96FA-4413A4F3A1B7}.Release|x64.ActiveCfg = Release|Any CPU
		{9506705A-72E7-485E-96FA-4413A4F3A1B7}.Release|x64.Build.0 = Release|Any CPU
		{9506705A-72E7-485E-96FA-4413A4F3A1B7}.Release|x86.ActiveCfg = Release|Any CPU
		{9506705A-72E7-485E-96FA-4413A4F3A1B7}.Release|x86.Build.0 = Release|Any CPU
		{C42355B7-0A6B-4938-BBE6-B854F9E6FE68}.Debug|Any CPU.ActiveCfg = Debug|Any CPU
		{C42355B7-0A6B-4938-BBE6-B854F9E6FE68}.Debug|Any CPU.Build.0 = Debug|Any CPU
		{C42355B7-0A6B-4938-BBE6-B854F9E6FE68}.Debug|x64.ActiveCfg = Debug|Any CPU
		{C42355B7-0A6B-4938-BBE6-B854F9E6FE68}.Debug|x64.Build.0 = Debug|Any CPU
		{C42355B7-0A6B-4938-BBE6-B854F9E6FE68}.Debug|x86.ActiveCfg = Debug|Any CPU
		{C42355B7-0A6B-4938-BBE6-B854F9E6FE68}.Debug|x86.Build.0 = Debug|Any CPU
		{C42355B7-0A6B-4938-BBE6-B854F9E6FE68}.Release|Any CPU.ActiveCfg = Release|Any CPU
		{C42355B7-0A6B-4938-BBE6-B854F9E6FE68}.Release|Any CPU.Build.0 = Release|Any CPU
		{C42355B7-0A6B-4938-BBE6-B854F9E6FE68}.Release|x64.ActiveCfg = Release|Any CPU
		{C42355B7-0A6B-4938-BBE6-B854F9E6FE68}.Release|x64.Build.0 = Release|Any CPU
		{C42355B7-0A6B-4938-BBE6-B854F9E6FE68}.Release|x86.ActiveCfg = Release|Any CPU
		{C42355B7-0A6B-4938-BBE6-B854F9E6FE68}.Release|x86.Build.0 = Release|Any CPU
		{CF9977B2-C952-4090-B3F6-B03A84510C80}.Debug|Any CPU.ActiveCfg = Debug|Any CPU
		{CF9977B2-C952-4090-B3F6-B03A84510C80}.Debug|Any CPU.Build.0 = Debug|Any CPU
		{CF9977B2-C952-4090-B3F6-B03A84510C80}.Debug|x64.ActiveCfg = Debug|Any CPU
		{CF9977B2-C952-4090-B3F6-B03A84510C80}.Debug|x64.Build.0 = Debug|Any CPU
		{CF9977B2-C952-4090-B3F6-B03A84510C80}.Debug|x86.ActiveCfg = Debug|Any CPU
		{CF9977B2-C952-4090-B3F6-B03A84510C80}.Debug|x86.Build.0 = Debug|Any CPU
		{CF9977B2-C952-4090-B3F6-B03A84510C80}.Release|Any CPU.ActiveCfg = Release|Any CPU
		{CF9977B2-C952-4090-B3F6-B03A84510C80}.Release|Any CPU.Build.0 = Release|Any CPU
		{CF9977B2-C952-4090-B3F6-B03A84510C80}.Release|x64.ActiveCfg = Release|Any CPU
		{CF9977B2-C952-4090-B3F6-B03A84510C80}.Release|x64.Build.0 = Release|Any CPU
		{CF9977B2-C952-4090-B3F6-B03A84510C80}.Release|x86.ActiveCfg = Release|Any CPU
		{CF9977B2-C952-4090-B3F6-B03A84510C80}.Release|x86.Build.0 = Release|Any CPU
		{4727C9E8-6CD5-4BCF-8CC7-F9A7ED2AACEF}.Debug|Any CPU.ActiveCfg = Debug|Any CPU
		{4727C9E8-6CD5-4BCF-8CC7-F9A7ED2AACEF}.Debug|Any CPU.Build.0 = Debug|Any CPU
		{4727C9E8-6CD5-4BCF-8CC7-F9A7ED2AACEF}.Debug|x64.ActiveCfg = Debug|Any CPU
		{4727C9E8-6CD5-4BCF-8CC7-F9A7ED2AACEF}.Debug|x64.Build.0 = Debug|Any CPU
		{4727C9E8-6CD5-4BCF-8CC7-F9A7ED2AACEF}.Debug|x86.ActiveCfg = Debug|Any CPU
		{4727C9E8-6CD5-4BCF-8CC7-F9A7ED2AACEF}.Debug|x86.Build.0 = Debug|Any CPU
		{4727C9E8-6CD5-4BCF-8CC7-F9A7ED2AACEF}.Release|Any CPU.ActiveCfg = Release|Any CPU
		{4727C9E8-6CD5-4BCF-8CC7-F9A7ED2AACEF}.Release|Any CPU.Build.0 = Release|Any CPU
		{4727C9E8-6CD5-4BCF-8CC7-F9A7ED2AACEF}.Release|x64.ActiveCfg = Release|Any CPU
		{4727C9E8-6CD5-4BCF-8CC7-F9A7ED2AACEF}.Release|x64.Build.0 = Release|Any CPU
		{4727C9E8-6CD5-4BCF-8CC7-F9A7ED2AACEF}.Release|x86.ActiveCfg = Release|Any CPU
		{4727C9E8-6CD5-4BCF-8CC7-F9A7ED2AACEF}.Release|x86.Build.0 = Release|Any CPU
		{C76F6F53-5DCC-43E2-9176-FB3232655081}.Debug|Any CPU.ActiveCfg = Debug|Any CPU
		{C76F6F53-5DCC-43E2-9176-FB3232655081}.Debug|Any CPU.Build.0 = Debug|Any CPU
		{C76F6F53-5DCC-43E2-9176-FB3232655081}.Debug|x64.ActiveCfg = Debug|Any CPU
		{C76F6F53-5DCC-43E2-9176-FB3232655081}.Debug|x64.Build.0 = Debug|Any CPU
		{C76F6F53-5DCC-43E2-9176-FB3232655081}.Debug|x86.ActiveCfg = Debug|Any CPU
		{C76F6F53-5DCC-43E2-9176-FB3232655081}.Debug|x86.Build.0 = Debug|Any CPU
		{C76F6F53-5DCC-43E2-9176-FB3232655081}.Release|Any CPU.ActiveCfg = Release|Any CPU
		{C76F6F53-5DCC-43E2-9176-FB3232655081}.Release|Any CPU.Build.0 = Release|Any CPU
		{C76F6F53-5DCC-43E2-9176-FB3232655081}.Release|x64.ActiveCfg = Release|Any CPU
		{C76F6F53-5DCC-43E2-9176-FB3232655081}.Release|x64.Build.0 = Release|Any CPU
		{C76F6F53-5DCC-43E2-9176-FB3232655081}.Release|x86.ActiveCfg = Release|Any CPU
		{C76F6F53-5DCC-43E2-9176-FB3232655081}.Release|x86.Build.0 = Release|Any CPU
	EndGlobalSection
	GlobalSection(SolutionProperties) = preSolution
		HideSolutionNode = FALSE
	EndGlobalSection
	GlobalSection(ExtensibilityGlobals) = postSolution
		SolutionGuid = {29036887-7D7B-4802-8D96-C4D5374FF19B}
	EndGlobalSection
EndGlobal
