
Microsoft Visual Studio Solution File, Format Version 12.00
# Visual Studio Version 17
VisualStudioVersion = 17.7.34202.233
MinimumVisualStudioVersion = 10.0.40219.1
Project("{FAE04EC0-301F-11D3-BF4B-00C04F79EFBC}") = "HelloCSharp06", "HelloCSharp06\HelloCSharp06.csproj", "{7BD02E88-2622-4614-8CD3-CFE0F3B3ADAF}"
EndProject
Project("{FAE04EC0-301F-11D3-BF4B-00C04F79EFBC}") = "HelloCSharp06_01_chap10", "HelloCSharp06_01_chap10\HelloCSharp06_01_chap10.csproj", "{5CE4DC02-B181-442B-8A96-0C814E93C2D7}"
EndProject
Global
	GlobalSection(SolutionConfigurationPlatforms) = preSolution
		Debug|Any CPU = Debug|Any CPU
		Release|Any CPU = Release|Any CPU
	EndGlobalSection
	GlobalSection(ProjectConfigurationPlatforms) = postSolution
		{7BD02E88-2622-4614-8CD3-CFE0F3B3ADAF}.Debug|Any CPU.ActiveCfg = Debug|Any CPU
		{7BD02E88-2622-4614-8CD3-CFE0F3B3ADAF}.Debug|Any CPU.Build.0 = Debug|Any CPU
		{7BD02E88-2622-4614-8CD3-CFE0F3B3ADAF}.Release|Any CPU.ActiveCfg = Release|Any CPU
		{7BD02E88-2622-4614-8CD3-CFE0F3B3ADAF}.Release|Any CPU.Build.0 = Release|Any CPU
		{5CE4DC02-B181-442B-8A96-0C814E93C2D7}.Debug|Any CPU.ActiveCfg = Debug|Any CPU
		{5CE4DC02-B181-442B-8A96-0C814E93C2D7}.Debug|Any CPU.Build.0 = Debug|Any CPU
		{5CE4DC02-B181-442B-8A96-0C814E93C2D7}.Release|Any CPU.ActiveCfg = Release|Any CPU
		{5CE4DC02-B181-442B-8A96-0C814E93C2D7}.Release|Any CPU.Build.0 = Release|Any CPU
	EndGlobalSection
	GlobalSection(SolutionProperties) = preSolution
		HideSolutionNode = FALSE
	EndGlobalSection
	GlobalSection(ExtensibilityGlobals) = postSolution
		SolutionGuid = {359480CB-004F-489E-B5A7-1B63E920DA50}
	EndGlobalSection
EndGlobal
